
Microsoft Visual Studio Solution File, Format Version 12.00
# Visual Studio Version 16
VisualStudioVersion = 16.0.30114.105
MinimumVisualStudioVersion = 10.0.40219.1
Project("{FAE04EC0-301F-11D3-BF4B-00C04F79EFBC}") = "API", "API\API.csproj", "{5C664946-93CF-4E0D-AA24-D689F21454BE}"
EndProject
Project("{FAE04EC0-301F-11D3-BF4B-00C04F79EFBC}") = "Application", "Application\Application.csproj", "{1AF47350-814C-4685-B7F1-9F2023238E1F}"
EndProject
Project("{FAE04EC0-301F-11D3-BF4B-00C04F79EFBC}") = "Persistence", "Persistence\Persistence.csproj", "{11F825E6-66EF-4387-8327-53919E305220}"
EndProject
Project("{FAE04EC0-301F-11D3-BF4B-00C04F79EFBC}") = "Domain", "Domain\Domain.csproj", "{9636ED15-2530-43B7-8636-21481B9CDD10}"
EndProject
Global
	GlobalSection(SolutionConfigurationPlatforms) = preSolution
		Debug|Any CPU = Debug|Any CPU
		Debug|x64 = Debug|x64
		Debug|x86 = Debug|x86
		Release|Any CPU = Release|Any CPU
		Release|x64 = Release|x64
		Release|x86 = Release|x86
	EndGlobalSection
	GlobalSection(SolutionProperties) = preSolution
		HideSolutionNode = FALSE
	EndGlobalSection
	GlobalSection(ProjectConfigurationPlatforms) = postSolution
		{5C664946-93CF-4E0D-AA24-D689F21454BE}.Debug|Any CPU.ActiveCfg = Debug|Any CPU
		{5C664946-93CF-4E0D-AA24-D689F21454BE}.Debug|Any CPU.Build.0 = Debug|Any CPU
		{5C664946-93CF-4E0D-AA24-D689F21454BE}.Debug|x64.ActiveCfg = Debug|Any CPU
		{5C664946-93CF-4E0D-AA24-D689F21454BE}.Debug|x64.Build.0 = Debug|Any CPU
		{5C664946-93CF-4E0D-AA24-D689F21454BE}.Debug|x86.ActiveCfg = Debug|Any CPU
		{5C664946-93CF-4E0D-AA24-D689F21454BE}.Debug|x86.Build.0 = Debug|Any CPU
		{5C664946-93CF-4E0D-AA24-D689F21454BE}.Release|Any CPU.ActiveCfg = Release|Any CPU
		{5C664946-93CF-4E0D-AA24-D689F21454BE}.Release|Any CPU.Build.0 = Release|Any CPU
		{5C664946-93CF-4E0D-AA24-D689F21454BE}.Release|x64.ActiveCfg = Release|Any CPU
		{5C664946-93CF-4E0D-AA24-D689F21454BE}.Release|x64.Build.0 = Release|Any CPU
		{5C664946-93CF-4E0D-AA24-D689F21454BE}.Release|x86.ActiveCfg = Release|Any CPU
		{5C664946-93CF-4E0D-AA24-D689F21454BE}.Release|x86.Build.0 = Release|Any CPU
		{1AF47350-814C-4685-B7F1-9F2023238E1F}.Debug|Any CPU.ActiveCfg = Debug|Any CPU
		{1AF47350-814C-4685-B7F1-9F2023238E1F}.Debug|Any CPU.Build.0 = Debug|Any CPU
		{1AF47350-814C-4685-B7F1-9F2023238E1F}.Debug|x64.ActiveCfg = Debug|Any CPU
		{1AF47350-814C-4685-B7F1-9F2023238E1F}.Debug|x64.Build.0 = Debug|Any CPU
		{1AF47350-814C-4685-B7F1-9F2023238E1F}.Debug|x86.ActiveCfg = Debug|Any CPU
		{1AF47350-814C-4685-B7F1-9F2023238E1F}.Debug|x86.Build.0 = Debug|Any CPU
		{1AF47350-814C-4685-B7F1-9F2023238E1F}.Release|Any CPU.ActiveCfg = Release|Any CPU
		{1AF47350-814C-4685-B7F1-9F2023238E1F}.Release|Any CPU.Build.0 = Release|Any CPU
		{1AF47350-814C-4685-B7F1-9F2023238E1F}.Release|x64.ActiveCfg = Release|Any CPU
		{1AF47350-814C-4685-B7F1-9F2023238E1F}.Release|x64.Build.0 = Release|Any CPU
		{1AF47350-814C-4685-B7F1-9F2023238E1F}.Release|x86.ActiveCfg = Release|Any CPU
		{1AF47350-814C-4685-B7F1-9F2023238E1F}.Release|x86.Build.0 = Release|Any CPU
		{11F825E6-66EF-4387-8327-53919E305220}.Debug|Any CPU.ActiveCfg = Debug|Any CPU
		{11F825E6-66EF-4387-8327-53919E305220}.Debug|Any CPU.Build.0 = Debug|Any CPU
		{11F825E6-66EF-4387-8327-53919E305220}.Debug|x64.ActiveCfg = Debug|Any CPU
		{11F825E6-66EF-4387-8327-53919E305220}.Debug|x64.Build.0 = Debug|Any CPU
		{11F825E6-66EF-4387-8327-53919E305220}.Debug|x86.ActiveCfg = Debug|Any CPU
		{11F825E6-66EF-4387-8327-53919E305220}.Debug|x86.Build.0 = Debug|Any CPU
		{11F825E6-66EF-4387-8327-53919E305220}.Release|Any CPU.ActiveCfg = Release|Any CPU
		{11F825E6-66EF-4387-8327-53919E305220}.Release|Any CPU.Build.0 = Release|Any CPU
		{11F825E6-66EF-4387-8327-53919E305220}.Release|x64.ActiveCfg = Release|Any CPU
		{11F825E6-66EF-4387-8327-53919E305220}.Release|x64.Build.0 = Release|Any CPU
		{11F825E6-66EF-4387-8327-53919E305220}.Release|x86.ActiveCfg = Release|Any CPU
		{11F825E6-66EF-4387-8327-53919E305220}.Release|x86.Build.0 = Release|Any CPU
		{9636ED15-2530-43B7-8636-21481B9CDD10}.Debug|Any CPU.ActiveCfg = Debug|Any CPU
		{9636ED15-2530-43B7-8636-21481B9CDD10}.Debug|Any CPU.Build.0 = Debug|Any CPU
		{9636ED15-2530-43B7-8636-21481B9CDD10}.Debug|x64.ActiveCfg = Debug|Any CPU
		{9636ED15-2530-43B7-8636-21481B9CDD10}.Debug|x64.Build.0 = Debug|Any CPU
		{9636ED15-2530-43B7-8636-21481B9CDD10}.Debug|x86.ActiveCfg = Debug|Any CPU
		{9636ED15-2530-43B7-8636-21481B9CDD10}.Debug|x86.Build.0 = Debug|Any CPU
		{9636ED15-2530-43B7-8636-21481B9CDD10}.Release|Any CPU.ActiveCfg = Release|Any CPU
		{9636ED15-2530-43B7-8636-21481B9CDD10}.Release|Any CPU.Build.0 = Release|Any CPU
		{9636ED15-2530-43B7-8636-21481B9CDD10}.Release|x64.ActiveCfg = Release|Any CPU
		{9636ED15-2530-43B7-8636-21481B9CDD10}.Release|x64.Build.0 = Release|Any CPU
		{9636ED15-2530-43B7-8636-21481B9CDD10}.Release|x86.ActiveCfg = Release|Any CPU
		{9636ED15-2530-43B7-8636-21481B9CDD10}.Release|x86.Build.0 = Release|Any CPU
	EndGlobalSection
EndGlobal
